
Microsoft Visual Studio Solution File, Format Version 12.00
# Visual Studio Version 17
VisualStudioVersion = 17.9.34902.65
MinimumVisualStudioVersion = 10.0.40219.1
Project("{9A19103F-16F7-4668-BE54-9A1E7A4F7556}") = "TrainingCenter.API", "TrainingCenter.API\TrainingCenter.API.csproj", "{0C80CBEF-7D90-4442-A319-86E7FD41AA0B}"
EndProject
Project("{2150E333-8FDC-42A3-9474-1A3956D46DE8}") = "Solution Items", "Solution Items", "{BED3FC62-7CDA-4D83-B774-20A3817B573E}"
	ProjectSection(SolutionItems) = preProject
		Guia.txt = Guia.txt
	EndProjectSection
EndProject
Project("{FAE04EC0-301F-11D3-BF4B-00C04F79EFBC}") = "TrainingCenter.Entidades", "TrainingCenter.Entidades\TrainingCenter.Entidades.csproj", "{7FFD8F85-BA6B-4ACA-90D2-8557F31FAE32}"
EndProject
Global
	GlobalSection(SolutionConfigurationPlatforms) = preSolution
		Debug|Any CPU = Debug|Any CPU
		Release|Any CPU = Release|Any CPU
	EndGlobalSection
	GlobalSection(ProjectConfigurationPlatforms) = postSolution
		{0C80CBEF-7D90-4442-A319-86E7FD41AA0B}.Debug|Any CPU.ActiveCfg = Debug|Any CPU
		{0C80CBEF-7D90-4442-A319-86E7FD41AA0B}.Debug|Any CPU.Build.0 = Debug|Any CPU
		{0C80CBEF-7D90-4442-A319-86E7FD41AA0B}.Release|Any CPU.ActiveCfg = Release|Any CPU
		{0C80CBEF-7D90-4442-A319-86E7FD41AA0B}.Release|Any CPU.Build.0 = Release|Any CPU
		{7FFD8F85-BA6B-4ACA-90D2-8557F31FAE32}.Debug|Any CPU.ActiveCfg = Debug|Any CPU
		{7FFD8F85-BA6B-4ACA-90D2-8557F31FAE32}.Debug|Any CPU.Build.0 = Debug|Any CPU
		{7FFD8F85-BA6B-4ACA-90D2-8557F31FAE32}.Release|Any CPU.ActiveCfg = Release|Any CPU
		{7FFD8F85-BA6B-4ACA-90D2-8557F31FAE32}.Release|Any CPU.Build.0 = Release|Any CPU
	EndGlobalSection
	GlobalSection(SolutionProperties) = preSolution
		HideSolutionNode = FALSE
	EndGlobalSection
	GlobalSection(ExtensibilityGlobals) = postSolution
		SolutionGuid = {7C81126F-ECF8-4D57-8B53-E7428B7644C6}
	EndGlobalSection
EndGlobal
